Microsoft Visual Studio Solution File, Format Version 12.00
# Visual Studio Version 17
VisualStudioVersion = 17.5.2.0
MinimumVisualStudioVersion = 10.0.40219.1
Project("{2150E333-8FDC-42A3-9474-1A3956D46DE8}") = "CodeGrade", "CodeGrade", "{F4DC060E-2F73-C5C1-B24D-E1BB46A985B1}"
EndProject
Project("{2150E333-8FDC-42A3-9474-1A3956D46DE8}") = "W3Schools", "W3Schools", "{95883515-ABD3-BA44-3FA9-A0A339B7CB57}"
EndProject
Project("{FAE04EC0-301F-11D3-BF4B-00C04F79EFBC}") = "W1.1a_Arrays", "CodeGrade\W1.1a_Arrays\W1.1a_Arrays.csproj", "{0E61D4C4-81D5-3BCB-0C4C-0F058E600E76}"
EndProject
Project("{FAE04EC0-301F-11D3-BF4B-00C04F79EFBC}") = "W1.1b_MultiDimensional_Jagged_Arrays", "CodeGrade\W1.1b_MultiDimensional_Jagged_Arrays\W1.1b_MultiDimensional_Jagged_Arrays.csproj", "{A72E0403-3EF9-E965-D5C1-D36E1C2EE80E}"
EndProject
Project("{FAE04EC0-301F-11D3-BF4B-00C04F79EFBC}") = "W1.2_Search_Algorithms", "CodeGrade\W1.2_Search_Algorithms\W1.2_Search_Algorithms.csproj", "{812A50A3-C9CF-8746-2A36-2ECD0A0E83A5}"
EndProject
Project("{FAE04EC0-301F-11D3-BF4B-00C04F79EFBC}") = "C# Get Started", "W3Schools\C# Get Started\C# Get Started.csproj", "{CC96C792-0B13-C78B-770B-956966CC7539}"
EndProject
Project("{FAE04EC0-301F-11D3-BF4B-00C04F79EFBC}") = "C# HOME", "W3Schools\C# HOME\C# HOME.csproj", "{542B1345-8725-AC88-0372-D9E53BD6764C}"
EndProject
Project("{FAE04EC0-301F-11D3-BF4B-00C04F79EFBC}") = "C# Output", "W3Schools\C# Output\C# Output.csproj", "{E1EC7185-68A1-527D-9893-164C5704C64D}"
EndProject
Project("{FAE04EC0-301F-11D3-BF4B-00C04F79EFBC}") = "C# Syntax", "W3Schools\C# Syntax\C# Syntax.csproj", "{2433F3E2-11FC-4B52-444B-7B978C5BE715}"
EndProject
Project("{2150E333-8FDC-42A3-9474-1A3956D46DE8}") = "PracticumLessons", "PracticumLessons", "{BDD88E67-D003-4ABF-921B-1AF4D8728A53}"
EndProject
Project("{FAE04EC0-301F-11D3-BF4B-00C04F79EFBC}") = "Lesson1", "PracticumLessons\Lesson1\Lesson1.csproj", "{7A9120DB-6EB3-4EE5-BC68-ECF465200CB1}"
EndProject
Project("{FAE04EC0-301F-11D3-BF4B-00C04F79EFBC}") = "Lesson2", "PracticumLessons\Lesson2\Lesson2.csproj", "{12D23267-3E97-475B-A41B-2403B43F8BC8}"
EndProject
Global
	GlobalSection(SolutionConfigurationPlatforms) = preSolution
		Debug|Any CPU = Debug|Any CPU
		Release|Any CPU = Release|Any CPU
	EndGlobalSection
	GlobalSection(ProjectConfigurationPlatforms) = postSolution
		{0E61D4C4-81D5-3BCB-0C4C-0F058E600E76}.Debug|Any CPU.ActiveCfg = Debug|Any CPU
		{0E61D4C4-81D5-3BCB-0C4C-0F058E600E76}.Debug|Any CPU.Build.0 = Debug|Any CPU
		{0E61D4C4-81D5-3BCB-0C4C-0F058E600E76}.Release|Any CPU.ActiveCfg = Release|Any CPU
		{0E61D4C4-81D5-3BCB-0C4C-0F058E600E76}.Release|Any CPU.Build.0 = Release|Any CPU
		{A72E0403-3EF9-E965-D5C1-D36E1C2EE80E}.Debug|Any CPU.ActiveCfg = Debug|Any CPU
		{A72E0403-3EF9-E965-D5C1-D36E1C2EE80E}.Debug|Any CPU.Build.0 = Debug|Any CPU
		{A72E0403-3EF9-E965-D5C1-D36E1C2EE80E}.Release|Any CPU.ActiveCfg = Release|Any CPU
		{A72E0403-3EF9-E965-D5C1-D36E1C2EE80E}.Release|Any CPU.Build.0 = Release|Any CPU
		{812A50A3-C9CF-8746-2A36-2ECD0A0E83A5}.Debug|Any CPU.ActiveCfg = Debug|Any CPU
		{812A50A3-C9CF-8746-2A36-2ECD0A0E83A5}.Debug|Any CPU.Build.0 = Debug|Any CPU
		{812A50A3-C9CF-8746-2A36-2ECD0A0E83A5}.Release|Any CPU.ActiveCfg = Release|Any CPU
		{812A50A3-C9CF-8746-2A36-2ECD0A0E83A5}.Release|Any CPU.Build.0 = Release|Any CPU
		{CC96C792-0B13-C78B-770B-956966CC7539}.Debug|Any CPU.ActiveCfg = Debug|Any CPU
		{CC96C792-0B13-C78B-770B-956966CC7539}.Debug|Any CPU.Build.0 = Debug|Any CPU
		{CC96C792-0B13-C78B-770B-956966CC7539}.Release|Any CPU.ActiveCfg = Release|Any CPU
		{CC96C792-0B13-C78B-770B-956966CC7539}.Release|Any CPU.Build.0 = Release|Any CPU
		{542B1345-8725-AC88-0372-D9E53BD6764C}.Debug|Any CPU.ActiveCfg = Debug|Any CPU
		{542B1345-8725-AC88-0372-D9E53BD6764C}.Debug|Any CPU.Build.0 = Debug|Any CPU
		{542B1345-8725-AC88-0372-D9E53BD6764C}.Release|Any CPU.ActiveCfg = Release|Any CPU
		{542B1345-8725-AC88-0372-D9E53BD6764C}.Release|Any CPU.Build.0 = Release|Any CPU
		{E1EC7185-68A1-527D-9893-164C5704C64D}.Debug|Any CPU.ActiveCfg = Debug|Any CPU
		{E1EC7185-68A1-527D-9893-164C5704C64D}.Debug|Any CPU.Build.0 = Debug|Any CPU
		{E1EC7185-68A1-527D-9893-164C5704C64D}.Release|Any CPU.ActiveCfg = Release|Any CPU
		{E1EC7185-68A1-527D-9893-164C5704C64D}.Release|Any CPU.Build.0 = Release|Any CPU
		{2433F3E2-11FC-4B52-444B-7B978C5BE715}.Debug|Any CPU.ActiveCfg = Debug|Any CPU
		{2433F3E2-11FC-4B52-444B-7B978C5BE715}.Debug|Any CPU.Build.0 = Debug|Any CPU
		{2433F3E2-11FC-4B52-444B-7B978C5BE715}.Release|Any CPU.ActiveCfg = Release|Any CPU
		{2433F3E2-11FC-4B52-444B-7B978C5BE715}.Release|Any CPU.Build.0 = Release|Any CPU
		{7A9120DB-6EB3-4EE5-BC68-ECF465200CB1}.Debug|Any CPU.ActiveCfg = Debug|Any CPU
		{7A9120DB-6EB3-4EE5-BC68-ECF465200CB1}.Debug|Any CPU.Build.0 = Debug|Any CPU
		{7A9120DB-6EB3-4EE5-BC68-ECF465200CB1}.Release|Any CPU.ActiveCfg = Release|Any CPU
		{7A9120DB-6EB3-4EE5-BC68-ECF465200CB1}.Release|Any CPU.Build.0 = Release|Any CPU
		{12D23267-3E97-475B-A41B-2403B43F8BC8}.Debug|Any CPU.ActiveCfg = Debug|Any CPU
		{12D23267-3E97-475B-A41B-2403B43F8BC8}.Debug|Any CPU.Build.0 = Debug|Any CPU
		{12D23267-3E97-475B-A41B-2403B43F8BC8}.Release|Any CPU.ActiveCfg = Release|Any CPU
		{12D23267-3E97-475B-A41B-2403B43F8BC8}.Release|Any CPU.Build.0 = Release|Any CPU
	EndGlobalSection
	GlobalSection(SolutionProperties) = preSolution
		HideSolutionNode = FALSE
	EndGlobalSection
	GlobalSection(NestedProjects) = preSolution
		{0E61D4C4-81D5-3BCB-0C4C-0F058E600E76} = {F4DC060E-2F73-C5C1-B24D-E1BB46A985B1}
		{A72E0403-3EF9-E965-D5C1-D36E1C2EE80E} = {F4DC060E-2F73-C5C1-B24D-E1BB46A985B1}
		{812A50A3-C9CF-8746-2A36-2ECD0A0E83A5} = {F4DC060E-2F73-C5C1-B24D-E1BB46A985B1}
		{CC96C792-0B13-C78B-770B-956966CC7539} = {95883515-ABD3-BA44-3FA9-A0A339B7CB57}
		{542B1345-8725-AC88-0372-D9E53BD6764C} = {95883515-ABD3-BA44-3FA9-A0A339B7CB57}
		{E1EC7185-68A1-527D-9893-164C5704C64D} = {95883515-ABD3-BA44-3FA9-A0A339B7CB57}
		{2433F3E2-11FC-4B52-444B-7B978C5BE715} = {95883515-ABD3-BA44-3FA9-A0A339B7CB57}
		{7A9120DB-6EB3-4EE5-BC68-ECF465200CB1} = {BDD88E67-D003-4ABF-921B-1AF4D8728A53}
		{12D23267-3E97-475B-A41B-2403B43F8BC8} = {BDD88E67-D003-4ABF-921B-1AF4D8728A53}
	EndGlobalSection
	GlobalSection(ExtensibilityGlobals) = postSolution
		SolutionGuid = {F7E5C37E-BEBD-476C-8EE2-482A475C4557}
	EndGlobalSection
EndGlobal
